
Microsoft Visual Studio Solution File, Format Version 12.00
# Visual Studio Version 16
VisualStudioVersion = 16.0.29509.3
MinimumVisualStudioVersion = 10.0.40219.1
Project("{9A19103F-16F7-4668-BE54-9A1E7A4F7556}") = "PokerAPI", "PokerAPI\PokerAPI.csproj", "{BAAEDF06-3E76-46C5-AB1F-7E5DA982F764}"
EndProject
Project("{9A19103F-16F7-4668-BE54-9A1E7A4F7556}") = "PokerConsole", "PokerConsole\PokerConsole.csproj", "{08AA00DA-4F19-4033-80C2-01480CD79667}"
EndProject
Global
	GlobalSection(SolutionConfigurationPlatforms) = preSolution
		Debug|Any CPU = Debug|Any CPU
		Release|Any CPU = Release|Any CPU
	EndGlobalSection
	GlobalSection(ProjectConfigurationPlatforms) = postSolution
		{BAAEDF06-3E76-46C5-AB1F-7E5DA982F764}.Debug|Any CPU.ActiveCfg = Debug|Any CPU
		{BAAEDF06-3E76-46C5-AB1F-7E5DA982F764}.Debug|Any CPU.Build.0 = Debug|Any CPU
		{BAAEDF06-3E76-46C5-AB1F-7E5DA982F764}.Release|Any CPU.ActiveCfg = Release|Any CPU
		{BAAEDF06-3E76-46C5-AB1F-7E5DA982F764}.Release|Any CPU.Build.0 = Release|Any CPU
		{08AA00DA-4F19-4033-80C2-01480CD79667}.Debug|Any CPU.ActiveCfg = Debug|Any CPU
		{08AA00DA-4F19-4033-80C2-01480CD79667}.Debug|Any CPU.Build.0 = Debug|Any CPU
		{08AA00DA-4F19-4033-80C2-01480CD79667}.Release|Any CPU.ActiveCfg = Release|Any CPU
		{08AA00DA-4F19-4033-80C2-01480CD79667}.Release|Any CPU.Build.0 = Release|Any CPU
	EndGlobalSection
	GlobalSection(SolutionProperties) = preSolution
		HideSolutionNode = FALSE
	EndGlobalSection
	GlobalSection(ExtensibilityGlobals) = postSolution
		SolutionGuid = {B94ACD81-15D0-4E59-99AF-E3D81A8315CC}
	EndGlobalSection
EndGlobal
